
Microsoft Visual Studio Solution File, Format Version 12.00
# Visual Studio Version 18
VisualStudioVersion = 18.3.11222.16
MinimumVisualStudioVersion = 10.0.40219.1
Project("{FAE04EC0-301F-11D3-BF4B-00C04F79EFBC}") = "Titled Gui", "Titled Gui.csproj", "{AB9781D8-C06B-4BAA-99A5-CC931686AF15}"
EndProject
Global
	GlobalSection(SolutionConfigurationPlatforms) = preSolution
		Debug|x64 = Debug|x64
		Release|x64 = Release|x64
	EndGlobalSection
	GlobalSection(ProjectConfigurationPlatforms) = postSolution
		{AB9781D8-C06B-4BAA-99A5-CC931686AF15}.Debug|x64.ActiveCfg = Debug|x64
		{AB9781D8-C06B-4BAA-99A5-CC931686AF15}.Debug|x64.Build.0 = Debug|x64
		{AB9781D8-C06B-4BAA-99A5-CC931686AF15}.Release|x64.ActiveCfg = Release|x64
		{AB9781D8-C06B-4BAA-99A5-CC931686AF15}.Release|x64.Build.0 = Release|x64
	EndGlobalSection
	GlobalSection(SolutionProperties) = preSolution
		HideSolutionNode = FALSE
	EndGlobalSection
	GlobalSection(ExtensibilityGlobals) = postSolution
		SolutionGuid = {92849B4C-EAB3-4789-8B23-C1183FF1FBB3}
	EndGlobalSection
EndGlobal
